# Generated by buf. DO NOT EDIT.
version: v1
deps:
  - remote: buf.build
    owner: googleapis
    repository: googleapis
    commit: 28151c0d0a1641bf938a7672c500e01d
    digest: shake256:49215edf8ef57f7863004539deff8834cfb2195113f0b890dd1f67815d9353e28e668019165b9d872395871eeafcbab3ccfdb2b5f11734d3cca95be9e8d139de
  - remote: buf.build
    owner: temporal
    repository: frontend-api
    commit: 51b578d926d9457cbb44c4d3967b9096
    digest: shake256:5c68026e330326ec8a6dcda312612640aee95c68db6d7b87d4298547fe7601a10fed85d8972c518d8fbae04b335d456b3b189be47a9a89be4d0deb5cfbb2756a
